{
  "lib/forge-std": {
    "tag": {
      "name": "v1.14.0",
      "rev": "1801b0541f4fda118a10798fd3486bb7051c5dd6"
    }
  },
  "lib/openzeppelin-contracts": {
    "tag": {
      "name": "v5.0.0",
      "rev": "932fddf69a699a9a80fd2396fd1a2ab91cdda123"
    }
  },
  "lib/v4-core": {
    "branch": {
      "name": "main",
      "rev": "d153b048868a60c2403a3ef5b2301bb247884d46"
    }
  },
  "lib/v4-periphery": {
    "branch": {
      "name": "main",
      "rev": "3779387e5d296f39df543d23524b050f89a62917"
    }
  }
}